{
  "name": "azure-artifacts-auth-check",
  "version": "0.1.4",
  "lockfileVersion": 3,
  "requires": true,
  "packages": {
    "": {
      "name": "azure-artifacts-auth-check",
      "version": "0.1.4",
      "license": "MIT",
      "dependencies": {
        "vsts-npm-auth": "*"
      },
      "bin": {
        "azure-artifacts-auth-check": "bin/azure-artifacts-auth-check.mjs"
      },
      "engines": {
        "node": ">=18"
      },
      "optionalDependencies": {
        "vsts-npm-auth": "^0.43.0"
      }
    },
    "node_modules/vsts-npm-auth": {
      "version": "0.43.0",
      "resolved": "https://registry.npmjs.org/vsts-npm-auth/-/vsts-npm-auth-0.43.0.tgz",
      "integrity": "sha512-ROZc5HXaWNNO++tVnS5PNzEqI1cLEiaUq0uPJ+azGRTVJAVvECzGu8ideed0iDFg0/sNuzUp5gshfenDyAIrMQ==",
      "license": "SEE LICENSE IN EULA_MICROSOFT VISUAL STUDIO TEAM SERVICES AUTHHELPER FOR NPM.txt",
      "optional": true,
      "bin": {
        "vsts-npm-auth": "bin/vsts-npm-auth.exe"
      }
    }
  }
}
